
Microsoft Visual Studio Solution File, Format Version 12.00
# Visual Studio 2013
VisualStudioVersion = 12.0.40629.0
MinimumVisualStudioVersion = 10.0.40219.1
Project("{2150E333-8FDC-42A3-9474-1A3956D46DE8}") = "Chapter 08", "Chapter 08", "{5F374F38-0BE0-49F0-848E-9149BCEF43F1}"
EndProject
Project("{FAE04EC0-301F-11D3-BF4B-00C04F79EFBC}") = "Reflection", "Reflection\Reflection.csproj", "{60842B3A-3627-46DE-998D-F8CE8DA97B0F}"
EndProject
Project("{2150E333-8FDC-42A3-9474-1A3956D46DE8}") = "Chapter 09", "Chapter 09", "{63B022BC-6264-4CCC-A319-EEEB9AD8110D}"
EndProject
Project("{FAE04EC0-301F-11D3-BF4B-00C04F79EFBC}") = "DataCollections", "DataCollections\DataCollections.csproj", "{C30A3ADA-6C6E-4BDB-86E7-0B9573247B64}"
EndProject
Project("{FAE04EC0-301F-11D3-BF4B-00C04F79EFBC}") = "ConsumingData", "ConsumingData\ConsumingData.csproj", "{6518F7A9-B913-40AA-8AF9-01D37A182F08}"
EndProject
Project("{FAE04EC0-301F-11D3-BF4B-00C04F79EFBC}") = "NorthwindsConsole", "NorthwindsConsole\NorthwindsConsole.csproj", "{11215CF5-C09A-4B59-9634-5D6C94CB8BF1}"
EndProject
Project("{FAE04EC0-301F-11D3-BF4B-00C04F79EFBC}") = "NorthwindsClient", "NorthwindsClient\NorthwindsClient.csproj", "{16A70D15-59FE-415F-9833-D40A9084A924}"
EndProject
Project("{FAE04EC0-301F-11D3-BF4B-00C04F79EFBC}") = "NorthwindsWCFDataService", "NorthwindsWCFDataService\NorthwindsWCFDataService.csproj", "{C8008769-E20D-470E-B9A1-29A5CA21123D}"
EndProject
Project("{FAE04EC0-301F-11D3-BF4B-00C04F79EFBC}") = "IOSamples", "IOSamples\IOSamples.csproj", "{A52367F4-A164-4A49-A5E1-50486F36D345}"
EndProject
Project("{FAE04EC0-301F-11D3-BF4B-00C04F79EFBC}") = "Serialization", "Serialization\Serialization.csproj", "{F2B32D21-137C-4707-BCE9-2748FEFE56EA}"
EndProject
Project("{2150E333-8FDC-42A3-9474-1A3956D46DE8}") = "Chapter 10", "Chapter 10", "{555F8FEE-C455-4E09-882B-43AAC704CA9A}"
EndProject
Project("{FAE04EC0-301F-11D3-BF4B-00C04F79EFBC}") = "LINQSamples", "LINQSamples\LINQSamples.csproj", "{DEBA8E2C-7EF8-4D7D-9623-5201B76CBC1B}"
EndProject
Project("{2150E333-8FDC-42A3-9474-1A3956D46DE8}") = "Chapter 11", "Chapter 11", "{AC29A403-A94F-4921-B26B-18622E72703C}"
EndProject
Project("{2150E333-8FDC-42A3-9474-1A3956D46DE8}") = "Chapter 12", "Chapter 12", "{4AEE9A74-6386-4A28-8868-663F87BEFB4C}"
EndProject
Project("{FAE04EC0-301F-11D3-BF4B-00C04F79EFBC}") = "Encryption", "Encryption\Encryption.csproj", "{6FF147E0-DBE1-480E-9DC2-0A4FEB33F56C}"
EndProject
Project("{2150E333-8FDC-42A3-9474-1A3956D46DE8}") = "Chapter 02", "Chapter 02", "{092C2241-1AC6-4466-A09A-40D80B82B4BA}"
EndProject
Project("{2150E333-8FDC-42A3-9474-1A3956D46DE8}") = "Chapter 03", "Chapter 03", "{EF9A1CB9-1CE8-4BF6-B957-281AEC6A540A}"
EndProject
Project("{2150E333-8FDC-42A3-9474-1A3956D46DE8}") = "Chapter 04", "Chapter 04", "{0575291F-4699-4B2D-B385-D2D1C50433FB}"
EndProject
Project("{2150E333-8FDC-42A3-9474-1A3956D46DE8}") = "Chapter 05", "Chapter 05", "{CFFFD0CF-C09E-4107-A528-1F7724811431}"
EndProject
Project("{2150E333-8FDC-42A3-9474-1A3956D46DE8}") = "Chapter 06", "Chapter 06", "{62FCC7EA-4B3B-49D9-9DB1-C1527135B308}"
EndProject
Project("{2150E333-8FDC-42A3-9474-1A3956D46DE8}") = "Chapter 07", "Chapter 07", "{C4099762-A8B2-4547-B2CC-DDF1EECD9DFA}"
EndProject
Project("{FAE04EC0-301F-11D3-BF4B-00C04F79EFBC}") = "ValueTypes", "DataTypes\ValueTypes.csproj", "{DDAC35B0-F847-48B4-8BDF-087EBAE7AC70}"
EndProject
Project("{FAE04EC0-301F-11D3-BF4B-00C04F79EFBC}") = "ReferenceTypes", "referenceTypes\ReferenceTypes.csproj", "{12ACE4F0-ACB7-474A-B81B-924D970A1C26}"
EndProject
Project("{FAE04EC0-301F-11D3-BF4B-00C04F79EFBC}") = "Encapsulation", "Encapsulation\Encapsulation.csproj", "{2D71A6DA-2A7C-45BD-B0FC-8D47900F84CD}"
EndProject
Project("{FAE04EC0-301F-11D3-BF4B-00C04F79EFBC}") = "Indexers", "Indexers\Indexers.csproj", "{097E1D56-FDCB-4C09-9753-1A5F31E13DAD}"
EndProject
Project("{FAE04EC0-301F-11D3-BF4B-00C04F79EFBC}") = "BaseClass", "BaseClass\BaseClass.csproj", "{D858103A-2C5A-4287-A640-28959D7F4DA6}"
EndProject
Project("{FAE04EC0-301F-11D3-BF4B-00C04F79EFBC}") = "interfaces", "interfaces\interfaces.csproj", "{11024308-62DE-4557-BED9-F780A8292748}"
EndProject
Project("{FAE04EC0-301F-11D3-BF4B-00C04F79EFBC}") = "CommonInterfaces", "CommonInterfaces\CommonInterfaces.csproj", "{ECC49C3D-4795-4993-805C-777585FBC72E}"
EndProject
Global
	GlobalSection(SolutionConfigurationPlatforms) = preSolution
		Debug|Any CPU = Debug|Any CPU
		Release|Any CPU = Release|Any CPU
	EndGlobalSection
	GlobalSection(ProjectConfigurationPlatforms) = postSolution
		{60842B3A-3627-46DE-998D-F8CE8DA97B0F}.Debug|Any CPU.ActiveCfg = Debug|Any CPU
		{60842B3A-3627-46DE-998D-F8CE8DA97B0F}.Debug|Any CPU.Build.0 = Debug|Any CPU
		{60842B3A-3627-46DE-998D-F8CE8DA97B0F}.Release|Any CPU.ActiveCfg = Release|Any CPU
		{60842B3A-3627-46DE-998D-F8CE8DA97B0F}.Release|Any CPU.Build.0 = Release|Any CPU
		{C30A3ADA-6C6E-4BDB-86E7-0B9573247B64}.Debug|Any CPU.ActiveCfg = Debug|Any CPU
		{C30A3ADA-6C6E-4BDB-86E7-0B9573247B64}.Debug|Any CPU.Build.0 = Debug|Any CPU
		{C30A3ADA-6C6E-4BDB-86E7-0B9573247B64}.Release|Any CPU.ActiveCfg = Release|Any CPU
		{C30A3ADA-6C6E-4BDB-86E7-0B9573247B64}.Release|Any CPU.Build.0 = Release|Any CPU
		{6518F7A9-B913-40AA-8AF9-01D37A182F08}.Debug|Any CPU.ActiveCfg = Debug|Any CPU
		{6518F7A9-B913-40AA-8AF9-01D37A182F08}.Debug|Any CPU.Build.0 = Debug|Any CPU
		{6518F7A9-B913-40AA-8AF9-01D37A182F08}.Release|Any CPU.ActiveCfg = Release|Any CPU
		{6518F7A9-B913-40AA-8AF9-01D37A182F08}.Release|Any CPU.Build.0 = Release|Any CPU
		{11215CF5-C09A-4B59-9634-5D6C94CB8BF1}.Debug|Any CPU.ActiveCfg = Debug|Any CPU
		{11215CF5-C09A-4B59-9634-5D6C94CB8BF1}.Debug|Any CPU.Build.0 = Debug|Any CPU
		{11215CF5-C09A-4B59-9634-5D6C94CB8BF1}.Release|Any CPU.ActiveCfg = Release|Any CPU
		{11215CF5-C09A-4B59-9634-5D6C94CB8BF1}.Release|Any CPU.Build.0 = Release|Any CPU
		{16A70D15-59FE-415F-9833-D40A9084A924}.Debug|Any CPU.ActiveCfg = Debug|Any CPU
		{16A70D15-59FE-415F-9833-D40A9084A924}.Debug|Any CPU.Build.0 = Debug|Any CPU
		{16A70D15-59FE-415F-9833-D40A9084A924}.Release|Any CPU.ActiveCfg = Release|Any CPU
		{16A70D15-59FE-415F-9833-D40A9084A924}.Release|Any CPU.Build.0 = Release|Any CPU
		{C8008769-E20D-470E-B9A1-29A5CA21123D}.Debug|Any CPU.ActiveCfg = Debug|Any CPU
		{C8008769-E20D-470E-B9A1-29A5CA21123D}.Debug|Any CPU.Build.0 = Debug|Any CPU
		{C8008769-E20D-470E-B9A1-29A5CA21123D}.Release|Any CPU.ActiveCfg = Release|Any CPU
		{C8008769-E20D-470E-B9A1-29A5CA21123D}.Release|Any CPU.Build.0 = Release|Any CPU
		{A52367F4-A164-4A49-A5E1-50486F36D345}.Debug|Any CPU.ActiveCfg = Debug|Any CPU
		{A52367F4-A164-4A49-A5E1-50486F36D345}.Debug|Any CPU.Build.0 = Debug|Any CPU
		{A52367F4-A164-4A49-A5E1-50486F36D345}.Release|Any CPU.ActiveCfg = Release|Any CPU
		{A52367F4-A164-4A49-A5E1-50486F36D345}.Release|Any CPU.Build.0 = Release|Any CPU
		{F2B32D21-137C-4707-BCE9-2748FEFE56EA}.Debug|Any CPU.ActiveCfg = Debug|Any CPU
		{F2B32D21-137C-4707-BCE9-2748FEFE56EA}.Debug|Any CPU.Build.0 = Debug|Any CPU
		{F2B32D21-137C-4707-BCE9-2748FEFE56EA}.Release|Any CPU.ActiveCfg = Release|Any CPU
		{F2B32D21-137C-4707-BCE9-2748FEFE56EA}.Release|Any CPU.Build.0 = Release|Any CPU
		{DEBA8E2C-7EF8-4D7D-9623-5201B76CBC1B}.Debug|Any CPU.ActiveCfg = Debug|Any CPU
		{DEBA8E2C-7EF8-4D7D-9623-5201B76CBC1B}.Debug|Any CPU.Build.0 = Debug|Any CPU
		{DEBA8E2C-7EF8-4D7D-9623-5201B76CBC1B}.Release|Any CPU.ActiveCfg = Release|Any CPU
		{DEBA8E2C-7EF8-4D7D-9623-5201B76CBC1B}.Release|Any CPU.Build.0 = Release|Any CPU
		{6FF147E0-DBE1-480E-9DC2-0A4FEB33F56C}.Debug|Any CPU.ActiveCfg = Debug|Any CPU
		{6FF147E0-DBE1-480E-9DC2-0A4FEB33F56C}.Debug|Any CPU.Build.0 = Debug|Any CPU
		{6FF147E0-DBE1-480E-9DC2-0A4FEB33F56C}.Release|Any CPU.ActiveCfg = Release|Any CPU
		{6FF147E0-DBE1-480E-9DC2-0A4FEB33F56C}.Release|Any CPU.Build.0 = Release|Any CPU
		{DDAC35B0-F847-48B4-8BDF-087EBAE7AC70}.Debug|Any CPU.ActiveCfg = Debug|Any CPU
		{DDAC35B0-F847-48B4-8BDF-087EBAE7AC70}.Debug|Any CPU.Build.0 = Debug|Any CPU
		{DDAC35B0-F847-48B4-8BDF-087EBAE7AC70}.Release|Any CPU.ActiveCfg = Release|Any CPU
		{DDAC35B0-F847-48B4-8BDF-087EBAE7AC70}.Release|Any CPU.Build.0 = Release|Any CPU
		{12ACE4F0-ACB7-474A-B81B-924D970A1C26}.Debug|Any CPU.ActiveCfg = Debug|Any CPU
		{12ACE4F0-ACB7-474A-B81B-924D970A1C26}.Debug|Any CPU.Build.0 = Debug|Any CPU
		{12ACE4F0-ACB7-474A-B81B-924D970A1C26}.Release|Any CPU.ActiveCfg = Release|Any CPU
		{12ACE4F0-ACB7-474A-B81B-924D970A1C26}.Release|Any CPU.Build.0 = Release|Any CPU
		{2D71A6DA-2A7C-45BD-B0FC-8D47900F84CD}.Debug|Any CPU.ActiveCfg = Debug|Any CPU
		{2D71A6DA-2A7C-45BD-B0FC-8D47900F84CD}.Debug|Any CPU.Build.0 = Debug|Any CPU
		{2D71A6DA-2A7C-45BD-B0FC-8D47900F84CD}.Release|Any CPU.ActiveCfg = Release|Any CPU
		{2D71A6DA-2A7C-45BD-B0FC-8D47900F84CD}.Release|Any CPU.Build.0 = Release|Any CPU
		{097E1D56-FDCB-4C09-9753-1A5F31E13DAD}.Debug|Any CPU.ActiveCfg = Debug|Any CPU
		{097E1D56-FDCB-4C09-9753-1A5F31E13DAD}.Debug|Any CPU.Build.0 = Debug|Any CPU
		{097E1D56-FDCB-4C09-9753-1A5F31E13DAD}.Release|Any CPU.ActiveCfg = Release|Any CPU
		{097E1D56-FDCB-4C09-9753-1A5F31E13DAD}.Release|Any CPU.Build.0 = Release|Any CPU
		{D858103A-2C5A-4287-A640-28959D7F4DA6}.Debug|Any CPU.ActiveCfg = Debug|Any CPU
		{D858103A-2C5A-4287-A640-28959D7F4DA6}.Debug|Any CPU.Build.0 = Debug|Any CPU
		{D858103A-2C5A-4287-A640-28959D7F4DA6}.Release|Any CPU.ActiveCfg = Release|Any CPU
		{D858103A-2C5A-4287-A640-28959D7F4DA6}.Release|Any CPU.Build.0 = Release|Any CPU
		{11024308-62DE-4557-BED9-F780A8292748}.Debug|Any CPU.ActiveCfg = Debug|Any CPU
		{11024308-62DE-4557-BED9-F780A8292748}.Debug|Any CPU.Build.0 = Debug|Any CPU
		{11024308-62DE-4557-BED9-F780A8292748}.Release|Any CPU.ActiveCfg = Release|Any CPU
		{11024308-62DE-4557-BED9-F780A8292748}.Release|Any CPU.Build.0 = Release|Any CPU
		{ECC49C3D-4795-4993-805C-777585FBC72E}.Debug|Any CPU.ActiveCfg = Debug|Any CPU
		{ECC49C3D-4795-4993-805C-777585FBC72E}.Debug|Any CPU.Build.0 = Debug|Any CPU
		{ECC49C3D-4795-4993-805C-777585FBC72E}.Release|Any CPU.ActiveCfg = Release|Any CPU
		{ECC49C3D-4795-4993-805C-777585FBC72E}.Release|Any CPU.Build.0 = Release|Any CPU
	EndGlobalSection
	GlobalSection(SolutionProperties) = preSolution
		HideSolutionNode = FALSE
	EndGlobalSection
	GlobalSection(NestedProjects) = preSolution
		{60842B3A-3627-46DE-998D-F8CE8DA97B0F} = {5F374F38-0BE0-49F0-848E-9149BCEF43F1}
		{C30A3ADA-6C6E-4BDB-86E7-0B9573247B64} = {63B022BC-6264-4CCC-A319-EEEB9AD8110D}
		{6518F7A9-B913-40AA-8AF9-01D37A182F08} = {63B022BC-6264-4CCC-A319-EEEB9AD8110D}
		{11215CF5-C09A-4B59-9634-5D6C94CB8BF1} = {63B022BC-6264-4CCC-A319-EEEB9AD8110D}
		{16A70D15-59FE-415F-9833-D40A9084A924} = {63B022BC-6264-4CCC-A319-EEEB9AD8110D}
		{C8008769-E20D-470E-B9A1-29A5CA21123D} = {63B022BC-6264-4CCC-A319-EEEB9AD8110D}
		{A52367F4-A164-4A49-A5E1-50486F36D345} = {63B022BC-6264-4CCC-A319-EEEB9AD8110D}
		{F2B32D21-137C-4707-BCE9-2748FEFE56EA} = {63B022BC-6264-4CCC-A319-EEEB9AD8110D}
		{DEBA8E2C-7EF8-4D7D-9623-5201B76CBC1B} = {555F8FEE-C455-4E09-882B-43AAC704CA9A}
		{6FF147E0-DBE1-480E-9DC2-0A4FEB33F56C} = {4AEE9A74-6386-4A28-8868-663F87BEFB4C}
		{DDAC35B0-F847-48B4-8BDF-087EBAE7AC70} = {EF9A1CB9-1CE8-4BF6-B957-281AEC6A540A}
		{12ACE4F0-ACB7-474A-B81B-924D970A1C26} = {EF9A1CB9-1CE8-4BF6-B957-281AEC6A540A}
		{2D71A6DA-2A7C-45BD-B0FC-8D47900F84CD} = {EF9A1CB9-1CE8-4BF6-B957-281AEC6A540A}
		{097E1D56-FDCB-4C09-9753-1A5F31E13DAD} = {EF9A1CB9-1CE8-4BF6-B957-281AEC6A540A}
		{D858103A-2C5A-4287-A640-28959D7F4DA6} = {CFFFD0CF-C09E-4107-A528-1F7724811431}
		{11024308-62DE-4557-BED9-F780A8292748} = {CFFFD0CF-C09E-4107-A528-1F7724811431}
		{ECC49C3D-4795-4993-805C-777585FBC72E} = {CFFFD0CF-C09E-4107-A528-1F7724811431}
	EndGlobalSection
EndGlobal
